
Microsoft Visual Studio Solution File, Format Version 12.00
# Visual Studio Version 16
VisualStudioVersion = 16.0.29306.81
MinimumVisualStudioVersion = 10.0.40219.1
Project("{FAE04EC0-301F-11D3-BF4B-00C04F79EFBC}") = "FormEjercicio5", "FormEjercicio5\FormEjercicio5.csproj", "{64F9188D-3193-4F2F-822D-FB44AB10D0AF}"
EndProject
Global
	GlobalSection(SolutionConfigurationPlatforms) = preSolution
		Debug|Any CPU = Debug|Any CPU
		Release|Any CPU = Release|Any CPU
	EndGlobalSection
	GlobalSection(ProjectConfigurationPlatforms) = postSolution
		{64F9188D-3193-4F2F-822D-FB44AB10D0AF}.Debug|Any CPU.ActiveCfg = Debug|Any CPU
		{64F9188D-3193-4F2F-822D-FB44AB10D0AF}.Debug|Any CPU.Build.0 = Debug|Any CPU
		{64F9188D-3193-4F2F-822D-FB44AB10D0AF}.Release|Any CPU.ActiveCfg = Release|Any CPU
		{64F9188D-3193-4F2F-822D-FB44AB10D0AF}.Release|Any CPU.Build.0 = Release|Any CPU
	EndGlobalSection
	GlobalSection(SolutionProperties) = preSolution
		HideSolutionNode = FALSE
	EndGlobalSection
	GlobalSection(ExtensibilityGlobals) = postSolution
		SolutionGuid = {15C2DB3D-46E0-4CBD-8351-DA2447A05966}
	EndGlobalSection
EndGlobal
