
Microsoft Visual Studio Solution File, Format Version 12.00
# Visual Studio Version 16
VisualStudioVersion = 16.0.29306.81
MinimumVisualStudioVersion = 10.0.40219.1
Project("{FAE04EC0-301F-11D3-BF4B-00C04F79EFBC}") = "Ejercicio8Forms", "Ejercicio8Forms\Ejercicio8Forms.csproj", "{4A727C47-C490-4594-B8FD-C3BF85045556}"
EndProject
Global
	GlobalSection(SolutionConfigurationPlatforms) = preSolution
		Debug|Any CPU = Debug|Any CPU
		Release|Any CPU = Release|Any CPU
	EndGlobalSection
	GlobalSection(ProjectConfigurationPlatforms) = postSolution
		{4A727C47-C490-4594-B8FD-C3BF85045556}.Debug|Any CPU.ActiveCfg = Debug|Any CPU
		{4A727C47-C490-4594-B8FD-C3BF85045556}.Debug|Any CPU.Build.0 = Debug|Any CPU
		{4A727C47-C490-4594-B8FD-C3BF85045556}.Release|Any CPU.ActiveCfg = Release|Any CPU
		{4A727C47-C490-4594-B8FD-C3BF85045556}.Release|Any CPU.Build.0 = Release|Any CPU
	EndGlobalSection
	GlobalSection(SolutionProperties) = preSolution
		HideSolutionNode = FALSE
	EndGlobalSection
	GlobalSection(ExtensibilityGlobals) = postSolution
		SolutionGuid = {08244033-9C3A-4671-A29B-96FCEF34D2DF}
	EndGlobalSection
EndGlobal
