
Microsoft Visual Studio Solution File, Format Version 12.00
# Visual Studio Version 16
VisualStudioVersion = 16.0.29306.81
MinimumVisualStudioVersion = 10.0.40219.1
Project("{FAE04EC0-301F-11D3-BF4B-00C04F79EFBC}") = "Actividad1Tema3", "Actividad1Tema3\Actividad1Tema3.csproj", "{A07D7A09-0802-492D-B010-06E19F5C9690}"
EndProject
Global
	GlobalSection(SolutionConfigurationPlatforms) = preSolution
		Debug|Any CPU = Debug|Any CPU
		Release|Any CPU = Release|Any CPU
	EndGlobalSection
	GlobalSection(ProjectConfigurationPlatforms) = postSolution
		{A07D7A09-0802-492D-B010-06E19F5C9690}.Debug|Any CPU.ActiveCfg = Debug|Any CPU
		{A07D7A09-0802-492D-B010-06E19F5C9690}.Debug|Any CPU.Build.0 = Debug|Any CPU
		{A07D7A09-0802-492D-B010-06E19F5C9690}.Release|Any CPU.ActiveCfg = Release|Any CPU
		{A07D7A09-0802-492D-B010-06E19F5C9690}.Release|Any CPU.Build.0 = Release|Any CPU
	EndGlobalSection
	GlobalSection(SolutionProperties) = preSolution
		HideSolutionNode = FALSE
	EndGlobalSection
	GlobalSection(ExtensibilityGlobals) = postSolution
		SolutionGuid = {106F293A-51B9-4212-A0E5-4B382EE367E3}
	EndGlobalSection
EndGlobal
