
Microsoft Visual Studio Solution File, Format Version 12.00
# Visual Studio Version 16
VisualStudioVersion = 16.0.29306.81
MinimumVisualStudioVersion = 10.0.40219.1
Project("{FAE04EC0-301F-11D3-BF4B-00C04F79EFBC}") = "Ejercicio3Tema6", "Ejercicio3Tema6\Ejercicio3Tema6.csproj", "{5857DA08-983D-4110-B104-A224298EF1D3}"
EndProject
Project("{FAE04EC0-301F-11D3-BF4B-00C04F79EFBC}") = "Pruebas", "Pruebas\Pruebas.csproj", "{A94BFD23-319A-498E-87D7-41A4C9B5F8C6}"
EndProject
Global
	GlobalSection(SolutionConfigurationPlatforms) = preSolution
		Debug|Any CPU = Debug|Any CPU
		Release|Any CPU = Release|Any CPU
	EndGlobalSection
	GlobalSection(ProjectConfigurationPlatforms) = postSolution
		{5857DA08-983D-4110-B104-A224298EF1D3}.Debug|Any CPU.ActiveCfg = Debug|Any CPU
		{5857DA08-983D-4110-B104-A224298EF1D3}.Debug|Any CPU.Build.0 = Debug|Any CPU
		{5857DA08-983D-4110-B104-A224298EF1D3}.Release|Any CPU.ActiveCfg = Release|Any CPU
		{5857DA08-983D-4110-B104-A224298EF1D3}.Release|Any CPU.Build.0 = Release|Any CPU
		{A94BFD23-319A-498E-87D7-41A4C9B5F8C6}.Debug|Any CPU.ActiveCfg = Debug|Any CPU
		{A94BFD23-319A-498E-87D7-41A4C9B5F8C6}.Debug|Any CPU.Build.0 = Debug|Any CPU
		{A94BFD23-319A-498E-87D7-41A4C9B5F8C6}.Release|Any CPU.ActiveCfg = Release|Any CPU
		{A94BFD23-319A-498E-87D7-41A4C9B5F8C6}.Release|Any CPU.Build.0 = Release|Any CPU
	EndGlobalSection
	GlobalSection(SolutionProperties) = preSolution
		HideSolutionNode = FALSE
	EndGlobalSection
	GlobalSection(ExtensibilityGlobals) = postSolution
		SolutionGuid = {775F26FC-10D5-463F-9434-DAC45C0C73A2}
	EndGlobalSection
EndGlobal
