
Microsoft Visual Studio Solution File, Format Version 12.00
# Visual Studio Version 16
VisualStudioVersion = 16.0.29306.81
MinimumVisualStudioVersion = 10.0.40219.1
Project("{FAE04EC0-301F-11D3-BF4B-00C04F79EFBC}") = "FormEjercicio4", "FormEjercicio4\FormEjercicio4.csproj", "{2FCDE602-BCC6-4837-AD02-1E9AD3F27CF9}"
EndProject
Global
	GlobalSection(SolutionConfigurationPlatforms) = preSolution
		Debug|Any CPU = Debug|Any CPU
		Release|Any CPU = Release|Any CPU
	EndGlobalSection
	GlobalSection(ProjectConfigurationPlatforms) = postSolution
		{2FCDE602-BCC6-4837-AD02-1E9AD3F27CF9}.Debug|Any CPU.ActiveCfg = Debug|Any CPU
		{2FCDE602-BCC6-4837-AD02-1E9AD3F27CF9}.Debug|Any CPU.Build.0 = Debug|Any CPU
		{2FCDE602-BCC6-4837-AD02-1E9AD3F27CF9}.Release|Any CPU.ActiveCfg = Release|Any CPU
		{2FCDE602-BCC6-4837-AD02-1E9AD3F27CF9}.Release|Any CPU.Build.0 = Release|Any CPU
	EndGlobalSection
	GlobalSection(SolutionProperties) = preSolution
		HideSolutionNode = FALSE
	EndGlobalSection
	GlobalSection(ExtensibilityGlobals) = postSolution
		SolutionGuid = {88094D38-EF04-4182-A3B5-1F12DBD34213}
	EndGlobalSection
EndGlobal
