
Microsoft Visual Studio Solution File, Format Version 12.00
# Visual Studio Version 16
VisualStudioVersion = 16.0.29503.13
MinimumVisualStudioVersion = 10.0.40219.1
Project("{FAE04EC0-301F-11D3-BF4B-00C04F79EFBC}") = "FormEjercicio1", "FormEjercicio1\FormEjercicio1.csproj", "{FC9E4642-157E-4F65-A454-06F35DE0326D}"
EndProject
Global
	GlobalSection(SolutionConfigurationPlatforms) = preSolution
		Debug|Any CPU = Debug|Any CPU
		Release|Any CPU = Release|Any CPU
	EndGlobalSection
	GlobalSection(ProjectConfigurationPlatforms) = postSolution
		{FC9E4642-157E-4F65-A454-06F35DE0326D}.Debug|Any CPU.ActiveCfg = Debug|Any CPU
		{FC9E4642-157E-4F65-A454-06F35DE0326D}.Debug|Any CPU.Build.0 = Debug|Any CPU
		{FC9E4642-157E-4F65-A454-06F35DE0326D}.Release|Any CPU.ActiveCfg = Release|Any CPU
		{FC9E4642-157E-4F65-A454-06F35DE0326D}.Release|Any CPU.Build.0 = Release|Any CPU
	EndGlobalSection
	GlobalSection(SolutionProperties) = preSolution
		HideSolutionNode = FALSE
	EndGlobalSection
	GlobalSection(ExtensibilityGlobals) = postSolution
		SolutionGuid = {93328DF9-A854-4485-875D-CFD43C54632E}
	EndGlobalSection
EndGlobal
